{
  "name": "php-composer-completion",
  "version": "0.3.4",
  "lockfileVersion": 2,
  "requires": true,
  "packages": {
    "": {
      "version": "0.3.4",
      "license": "MIT",
      "dependencies": {
        "mock-spawn": "v0.2.6",
        "mockery": "1.4.0"
      },
      "engines": {
        "atom": ">=1.0.0 <2.0.0"
      }
    },
    "node_modules/mock-spawn": {
      "version": "0.2.6",
      "resolved": "https://registry.npmjs.org/mock-spawn/-/mock-spawn-0.2.6.tgz",
      "integrity": "sha1-s5wVocBnUEMQFEFR8sHeNE0Dk38=",
      "dependencies": {
        "through": "2.3.x"
      }
    },
    "node_modules/mockery": {
      "version": "1.4.0",
      "resolved": "https://registry.npmjs.org/mockery/-/mockery-1.4.0.tgz",
      "integrity": "sha1-gd7MeU4UqLYJ0q4hjJHWcjNn3i8=",
      "engines": {
        "node": ">=0.4.5"
      }
    },
    "node_modules/through": {
      "version": "2.3.8",
      "resolved": "https://registry.npmjs.org/through/-/through-2.3.8.tgz",
      "integrity": "sha1-DdTJ/6q8NXlgsbckEV1+Doai4fU="
    }
  },
  "dependencies": {
    "mock-spawn": {
      "version": "0.2.6",
      "resolved": "https://registry.npmjs.org/mock-spawn/-/mock-spawn-0.2.6.tgz",
      "integrity": "sha1-s5wVocBnUEMQFEFR8sHeNE0Dk38=",
      "requires": {
        "through": "2.3.x"
      }
    },
    "mockery": {
      "version": "1.4.0",
      "resolved": "https://registry.npmjs.org/mockery/-/mockery-1.4.0.tgz",
      "integrity": "sha1-gd7MeU4UqLYJ0q4hjJHWcjNn3i8="
    },
    "through": {
      "version": "2.3.8",
      "resolved": "https://registry.npmjs.org/through/-/through-2.3.8.tgz",
      "integrity": "sha1-DdTJ/6q8NXlgsbckEV1+Doai4fU="
    }
  }
}
