{
  "name": "colorio",
  "version": "0.2.1",
  "lockfileVersion": 1,
  "requires": true,
  "dependencies": {
    "barracks": {
      "version": "8.3.2",
      "resolved": "https://registry.npmjs.org/barracks/-/barracks-8.3.2.tgz",
      "integrity": "sha1-pqh+tLv4ssbhWkdr7VtJp2cZiic=",
      "requires": {
        "xtend": "4.0.1"
      }
    },
    "bel": {
      "version": "4.6.0",
      "resolved": "https://registry.npmjs.org/bel/-/bel-4.6.0.tgz",
      "integrity": "sha1-Ot4W4jarIgTY0cZurEvVc3k6yZk=",
      "requires": {
        "global": "4.3.2",
        "hyperx": "2.4.0",
        "on-load": "3.4.0"
      }
    },
    "choo": {
      "version": "3.3.0",
      "resolved": "https://registry.npmjs.org/choo/-/choo-3.3.0.tgz",
      "integrity": "sha1-XLWy1LyyQ+QJC39T7y5BSOkI2fE=",
      "requires": {
        "barracks": "8.3.2",
        "document-ready": "1.0.3",
        "global": "4.3.2",
        "hash-match": "1.0.2",
        "nanoraf": "2.1.3",
        "sheet-router": "3.1.1",
        "xhr": "2.4.1",
        "xtend": "4.0.1",
        "yo-yo": "1.4.1"
      }
    },
    "document-ready": {
      "version": "1.0.3",
      "resolved": "https://registry.npmjs.org/document-ready/-/document-ready-1.0.3.tgz",
      "integrity": "sha1-7tgeCbN6aHxebQKz8OVwYnboJyc=",
      "requires": {
        "global": "4.3.2"
      }
    },
    "dom-walk": {
      "version": "0.1.1",
      "resolved": "https://registry.npmjs.org/dom-walk/-/dom-walk-0.1.1.tgz",
      "integrity": "sha1-ZyIm3HTI95mtNTB9+TaroRrNYBg="
    },
    "for-each": {
      "version": "0.3.2",
      "resolved": "https://registry.npmjs.org/for-each/-/for-each-0.3.2.tgz",
      "integrity": "sha1-LEBFC5NI6X8oEyJZO6lnBLmr1NQ=",
      "requires": {
        "is-function": "1.0.1"
      }
    },
    "global": {
      "version": "4.3.2",
      "resolved": "https://registry.npmjs.org/global/-/global-4.3.2.tgz",
      "integrity": "sha1-52mJJopsdMOJCLEwWxD8DjlOnQ8=",
      "requires": {
        "min-document": "2.19.0",
        "process": "0.5.2"
      }
    },
    "hash-match": {
      "version": "1.0.2",
      "resolved": "https://registry.npmjs.org/hash-match/-/hash-match-1.0.2.tgz",
      "integrity": "sha1-c5cNbEwZ0OPhIvA5bV3UB/cqEmY="
    },
    "hyperscript-attribute-to-property": {
      "version": "1.0.0",
      "resolved": "https://registry.npmjs.org/hyperscript-attribute-to-property/-/hyperscript-attribute-to-property-1.0.0.tgz",
      "integrity": "sha1-glMI1Ju44pV5I/cxmBvMgRytev8="
    },
    "hyperx": {
      "version": "2.4.0",
      "resolved": "https://registry.npmjs.org/hyperx/-/hyperx-2.4.0.tgz",
      "integrity": "sha512-43jbOQfVkm9U0oAyBZ4Vt2eB0hZWS5EyrOhR3ZbgUrcprutGu9s/C476OVFL3QU1iynKO5s9kZsWrZm19gJKjg==",
      "requires": {
        "hyperscript-attribute-to-property": "1.0.0"
      }
    },
    "is-function": {
      "version": "1.0.1",
      "resolved": "https://registry.npmjs.org/is-function/-/is-function-1.0.1.tgz",
      "integrity": "sha1-Es+5i2W1fdPRk6MSH19uL0N2ArU="
    },
    "lodash.debounce": {
      "version": "4.0.8",
      "resolved": "https://registry.npmjs.org/lodash.debounce/-/lodash.debounce-4.0.8.tgz",
      "integrity": "sha1-gteb/zCmfEAF/9XiUVMArZyk168="
    },
    "macaddress": {
      "version": "0.2.8",
      "resolved": "https://registry.npmjs.org/macaddress/-/macaddress-0.2.8.tgz",
      "integrity": "sha1-WQTcU3w57G2+/q6QIycTX6hRHxI="
    },
    "min-document": {
      "version": "2.19.0",
      "resolved": "https://registry.npmjs.org/min-document/-/min-document-2.19.0.tgz",
      "integrity": "sha1-e9KC4/WELtKVu3SM3Z8f+iyCRoU=",
      "requires": {
        "dom-walk": "0.1.1"
      }
    },
    "morphdom": {
      "version": "2.3.3",
      "resolved": "https://registry.npmjs.org/morphdom/-/morphdom-2.3.3.tgz",
      "integrity": "sha512-z+/GEulEfhrSFPOJSum8o5lZNv63cAGBPeFHO2WgpGo636Ln67ZuVydp2q0iTaZIXdf5FDNP2ZY6uhtg+LjlsA=="
    },
    "nanoassert": {
      "version": "1.1.0",
      "resolved": "https://registry.npmjs.org/nanoassert/-/nanoassert-1.1.0.tgz",
      "integrity": "sha1-TzFS4JVA/eKMdvRLGbvNHVpCR40="
    },
    "nanoraf": {
      "version": "2.1.3",
      "resolved": "https://registry.npmjs.org/nanoraf/-/nanoraf-2.1.3.tgz",
      "integrity": "sha1-4R3zmMWbOmX04Q6htrlaOiE1Bxg=",
      "requires": {
        "global": "4.3.2"
      }
    },
    "nouislider": {
      "version": "9.2.0",
      "resolved": "https://registry.npmjs.org/nouislider/-/nouislider-9.2.0.tgz",
      "integrity": "sha1-6HxQfeKwtNB1A4taQlR8fbvrr2k="
    },
    "octicons": {
      "version": "5.0.1",
      "resolved": "https://registry.npmjs.org/octicons/-/octicons-5.0.1.tgz",
      "integrity": "sha1-D6DE/TaA0lEmbwc3NlOTF8uEbk8="
    },
    "on-load": {
      "version": "3.4.0",
      "resolved": "https://registry.npmjs.org/on-load/-/on-load-3.4.0.tgz",
      "integrity": "sha512-p+fRMvrBSGVisUWz+2jOAO/F3oecpIcgs0m6nBjyytTnalwFQkOvRg6s8B94oPiV83ot+dq+2vZnHrnkVpom0g==",
      "requires": {
        "global": "4.3.2",
        "nanoassert": "1.1.0"
      }
    },
    "parse-headers": {
      "version": "2.0.1",
      "resolved": "https://registry.npmjs.org/parse-headers/-/parse-headers-2.0.1.tgz",
      "integrity": "sha1-aug6eqJanZtwCswoaYzR8e1+lTY=",
      "requires": {
        "for-each": "0.3.2",
        "trim": "0.0.1"
      }
    },
    "pathname-match": {
      "version": "1.2.0",
      "resolved": "https://registry.npmjs.org/pathname-match/-/pathname-match-1.2.0.tgz",
      "integrity": "sha1-d8uOPbHkHkdxxJQqnk/sthDMLRk="
    },
    "process": {
      "version": "0.5.2",
      "resolved": "https://registry.npmjs.org/process/-/process-0.5.2.tgz",
      "integrity": "sha1-FjjYqONML0QKkduVq5rrZ3/Bhc8="
    },
    "sheet-router": {
      "version": "3.1.1",
      "resolved": "https://registry.npmjs.org/sheet-router/-/sheet-router-3.1.1.tgz",
      "integrity": "sha1-grJAoeqRBkPebcE24BzuOM3jtLA=",
      "requires": {
        "global": "4.3.2",
        "pathname-match": "1.2.0",
        "sliced": "1.0.1",
        "wayfarer": "6.6.3"
      }
    },
    "sliced": {
      "version": "1.0.1",
      "resolved": "https://registry.npmjs.org/sliced/-/sliced-1.0.1.tgz",
      "integrity": "sha1-CzpmK10Ewxd7GSa+qCsD+Dei70E="
    },
    "tinycolor2": {
      "version": "1.4.1",
      "resolved": "https://registry.npmjs.org/tinycolor2/-/tinycolor2-1.4.1.tgz",
      "integrity": "sha1-9PrTM0R7wLB9TcjpIJ2POaisd+g="
    },
    "trim": {
      "version": "0.0.1",
      "resolved": "https://registry.npmjs.org/trim/-/trim-0.0.1.tgz",
      "integrity": "sha1-WFhUf2spB1fulczMZm+1AITEYN0="
    },
    "uniqid": {
      "version": "4.1.1",
      "resolved": "https://registry.npmjs.org/uniqid/-/uniqid-4.1.1.tgz",
      "integrity": "sha1-iSIN32t1GuUrX3JISGNShZa7hME=",
      "requires": {
        "macaddress": "0.2.8"
      }
    },
    "wayfarer": {
      "version": "6.6.3",
      "resolved": "https://registry.npmjs.org/wayfarer/-/wayfarer-6.6.3.tgz",
      "integrity": "sha512-DiScqFrKfETMeJ0OTmSv9Cncw/Yq3+pSs2+AlqLvgINpLlbnyts8dvFEdX3ggHdpt1nmQ7YE26mfpHXBowo0yQ==",
      "requires": {
        "xtend": "4.0.1"
      }
    },
    "xhr": {
      "version": "2.4.1",
      "resolved": "https://registry.npmjs.org/xhr/-/xhr-2.4.1.tgz",
      "integrity": "sha512-pAIU5vBr9Hiy5cpFIbPnwf0C18ZF86DBsZKrlsf87N5De/JbA6RJ83UP/cv+aljl4S40iRVMqP4pr4sF9Dnj0A==",
      "requires": {
        "global": "4.3.2",
        "is-function": "1.0.1",
        "parse-headers": "2.0.1",
        "xtend": "4.0.1"
      }
    },
    "xtend": {
      "version": "4.0.1",
      "resolved": "https://registry.npmjs.org/xtend/-/xtend-4.0.1.tgz",
      "integrity": "sha1-pcbVMr5lbiPbgg77lDofBJmNY68="
    },
    "yo-yo": {
      "version": "1.4.1",
      "resolved": "https://registry.npmjs.org/yo-yo/-/yo-yo-1.4.1.tgz",
      "integrity": "sha1-nOSwD9iA5VM7Xn9GqT1o2RStb2Q=",
      "requires": {
        "bel": "4.6.0",
        "morphdom": "2.3.3"
      }
    }
  }
}
