{
  "name": "javascript-regex",
  "version": "2.0.0",
  "lockfileVersion": 2,
  "requires": true,
  "packages": {
    "": {
      "version": "2.0.0",
      "license": "MIT",
      "dependencies": {
        "tree-sitter-regex-js": "^2.0.0",
        "tree-sitter-regex-unicode-js": "^2.0.0"
      },
      "engines": {
        "atom": ">=1.0.0 <2.0.0"
      }
    },
    "node_modules/nan": {
      "version": "2.14.2",
      "resolved": "https://registry.npmjs.org/nan/-/nan-2.14.2.tgz",
      "integrity": "sha512-M2ufzIiINKCuDfBSAUr1vWQ+vuVcA9kqx8JJUsbQi6yf1uGRyb7HfpdfUr5qLXf3B/t8dPvcjhKMmlfnP47EzQ=="
    },
    "node_modules/tree-sitter-regex-js": {
      "version": "2.0.0",
      "resolved": "https://registry.npmjs.org/tree-sitter-regex-js/-/tree-sitter-regex-js-2.0.0.tgz",
      "integrity": "sha512-nAijelcC90p8d2BmLiqExyub4hspdVKJLlVtA26Am28eQ5brOP1BhiSoNz2efOxAxOvG6mAeRdSP/4gwfR6m1A==",
      "hasInstallScript": true,
      "dependencies": {
        "nan": "^2.14.0"
      }
    },
    "node_modules/tree-sitter-regex-unicode-js": {
      "version": "2.0.0",
      "resolved": "https://registry.npmjs.org/tree-sitter-regex-unicode-js/-/tree-sitter-regex-unicode-js-2.0.0.tgz",
      "integrity": "sha512-sbULI5RPT+p8lmh7jSInLdKSKWmqRFDejUOW/SBscooU3fAbzn/mNabELew8LoWr+GbI7HcXel6q842qzxzU6Q==",
      "hasInstallScript": true,
      "dependencies": {
        "nan": "^2.14.0"
      }
    }
  },
  "dependencies": {
    "nan": {
      "version": "2.14.2",
      "resolved": "https://registry.npmjs.org/nan/-/nan-2.14.2.tgz",
      "integrity": "sha512-M2ufzIiINKCuDfBSAUr1vWQ+vuVcA9kqx8JJUsbQi6yf1uGRyb7HfpdfUr5qLXf3B/t8dPvcjhKMmlfnP47EzQ=="
    },
    "tree-sitter-regex-js": {
      "version": "2.0.0",
      "resolved": "https://registry.npmjs.org/tree-sitter-regex-js/-/tree-sitter-regex-js-2.0.0.tgz",
      "integrity": "sha512-nAijelcC90p8d2BmLiqExyub4hspdVKJLlVtA26Am28eQ5brOP1BhiSoNz2efOxAxOvG6mAeRdSP/4gwfR6m1A==",
      "requires": {
        "nan": "^2.14.0"
      }
    },
    "tree-sitter-regex-unicode-js": {
      "version": "2.0.0",
      "resolved": "https://registry.npmjs.org/tree-sitter-regex-unicode-js/-/tree-sitter-regex-unicode-js-2.0.0.tgz",
      "integrity": "sha512-sbULI5RPT+p8lmh7jSInLdKSKWmqRFDejUOW/SBscooU3fAbzn/mNabELew8LoWr+GbI7HcXel6q842qzxzU6Q==",
      "requires": {
        "nan": "^2.14.0"
      }
    }
  }
}
