{
  "name": "php-integrator-tooltips-legacy-php56",
  "version": "1.1.6",
  "lockfileVersion": 2,
  "requires": true,
  "packages": {
    "": {
      "version": "1.1.6",
      "license": "GPL-3.0",
      "dependencies": {
        "jquery": "~2.1.4",
        "sub-atom": "~1.0.0"
      },
      "engines": {
        "atom": ">=1.13.0 <2.0.0"
      }
    },
    "node_modules/jquery": {
      "version": "2.1.4",
      "resolved": "https://registry.npmjs.org/jquery/-/jquery-2.1.4.tgz",
      "integrity": "sha1-IoveaYoMYUMdwmMKahVPFYkNIxc="
    },
    "node_modules/sub-atom": {
      "version": "1.0.0",
      "resolved": "https://registry.npmjs.org/sub-atom/-/sub-atom-1.0.0.tgz",
      "integrity": "sha1-CceLLFYqB2gINgWimwNyraPujBQ=",
      "dependencies": {
        "jquery": "^2"
      }
    }
  },
  "dependencies": {
    "jquery": {
      "version": "2.1.4",
      "resolved": "https://registry.npmjs.org/jquery/-/jquery-2.1.4.tgz",
      "integrity": "sha1-IoveaYoMYUMdwmMKahVPFYkNIxc="
    },
    "sub-atom": {
      "version": "1.0.0",
      "resolved": "https://registry.npmjs.org/sub-atom/-/sub-atom-1.0.0.tgz",
      "integrity": "sha1-CceLLFYqB2gINgWimwNyraPujBQ=",
      "requires": {
        "jquery": "^2"
      }
    }
  }
}
