{
  "name": "repl-console",
  "version": "https://www.atom.io/api/packages/repl-console/versions/0.4.4/tarball",
  "lockfileVersion": 2,
  "integrity": "sha512-h9ArCinM25knOmGjcm32ua4kQVhaJiazBlsY/PV2++hGdra5M/sRK3A7lSv6XIxj5nes8gn9jh4pXLvq12PxQw==",
  "requires": true,
  "packages": {
    "": {
      "version": "0.4.4",
      "resolved": "https://www.atom.io/api/packages/repl-console/versions/0.4.4/tarball",
      "integrity": "sha512-h9ArCinM25knOmGjcm32ua4kQVhaJiazBlsY/PV2++hGdra5M/sRK3A7lSv6XIxj5nes8gn9jh4pXLvq12PxQw==",
      "license": "MIT",
      "engines": {
        "atom": ">=1.0.0 <2.0.0"
      }
    }
  }
}
