{
  "name": "php-cs-fixer",
  "version": "4.2.0",
  "lockfileVersion": 2,
  "requires": true,
  "packages": {
    "": {
      "version": "4.2.0",
      "license": "MIT",
      "engines": {
        "atom": ">=0.174.0 <2.0.0",
        "php": ">=5.3.6",
        "php-cs-fixer": ">=2.0.0"
      }
    }
  }
}
